{
  "originHash" : "a72b37d142139a9f8de021ec1a2d4e7ec2a7ffc9ebc87493f58bac80a85691cb",
  "pins" : [
    {
      "identity" : "sentry-cocoa",
      "kind" : "remoteSourceControl",
      "location" : "https://github.com/getsentry/sentry-cocoa",
      "state" : {
        "revision" : "d9df1c4e8d8466c7f8b3c56150378927dadf1b8e",
        "version" : "9.29.0"
      }
    }
  ],
  "version" : 3
}
